version = 1
requires-python = ">=3.12"

[[package]]
name = "algorithm-logical-exchange-xmas"
version = "0.1.0"
source = { editable = "." }
dependencies = [
    { name = "cvxpy" },
    { name = "duckdb" },
    { name = "pandas" },
]

[package.metadata]
requires-dist = [
    { name = "cvxpy" },
    { name = "duckdb" },
    { name = "pandas" },
]

[[package]]
name = "clarabel"
version = "0.9.0"
source = { registry = "https://pypi.org/simple" }
dependencies = [
    { name = "numpy" },
    { name = "scipy" },
]
sdist = { url = "https://files.pythonhosted.org/packages/bb/93/fb4b178a6697d04690c392289bb504032116eaf9f46c501fb23eb42a069d/clarabel-0.9.0.tar.gz", hash = "sha256:0d6d3fe8800be5b4b5d40a8e14bd492667b3e46cc5dbe37677ce5ed25f0719d4", size = 199359 }
wheels = [
    { url = "https://files.pythonhosted.org/packages/8b/b9/e41f5316a2d4261c340d9fa6aa1694dd57d12cc45f1e5dfc5773d2b53d39/clarabel-0.9.0-cp37-abi3-macosx_10_12_x86_64.macosx_11_0_arm64.macosx_10_12_universal2.whl", hash = "sha256:702cc4666c0ccf893c936f9f1f55cbb3233ae2d5fa05f67b370ac3e7ec50f222", size = 1713421 },
    { url = "https://files.pythonhosted.org/packages/65/75/b4f2b5f4a0af6975c463efe9ef580debff98ade6795e6e885babf7527586/clarabel-0.9.0-cp37-abi3-macosx_10_12_x86_64.whl", hash = "sha256:8ea616757b460153ead375b3dd3ce763d46fc3717248077bbfa7b2c844b1775f", size = 890154 },
    { url = "https://files.pythonhosted.org/packages/a5/2e/096e0bc32ffa7eadb69f6e768fbbc58acf0b0e4003db4bd70c79b1856c47/clarabel-0.9.0-cp37-abi3-manylinux_2_17_aarch64.manylinux2014_aarch64.whl", hash = "sha256:2b5ae16d7dd87aabf72260cf9590ba0d037c52d48555bcf3a86b1f0d9cf88dd4", size = 1761144 },
    { url = "https://files.pythonhosted.org/packages/d9/1a/4319fa902c9c3e350d134d78d79baa61c6e2e5e51050861ecc147c73f6a7/clarabel-0.9.0-cp37-abi3-manylinux_2_17_i686.manylinux2014_i686.whl", hash = "sha256:85cb560a5c4cdfb079e3437e21f0b62b69ba766ae082aeb96ced0b5763214077", size = 1831888 },
    { url = "https://files.pythonhosted.org/packages/8c/12/e92ba69884f84e0f16a9fb5093522924502995348f0269cc42ed062f2edc/clarabel-0.9.0-cp37-abi3-manylinux_2_17_x86_64.manylinux2014_x86_64.whl", hash = "sha256:0eaeb3fbb5a90b598700d5435c7f102592a1a79ee25df5a097e0af575838786b", size = 1784994 },
    { url = "https://files.pythonhosted.org/packages/2e/1f/ce55955a7ad5946cacd1f0aa76233ee354d4c357669ce81f1e5dc69be971/clarabel-0.9.0-cp37-abi3-win32.whl", hash = "sha256:759c2fa0ccc61ae1a02691c43753638a0ae793bf1de81c6f6763c346789a7e25", size = 699668 },
    { url = "https://files.pythonhosted.org/packages/36/be/110fe7ca190e024e3185d6351645346b785da6933ce3fb382d4811215f8c/clarabel-0.9.0-cp37-abi3-win_amd64.whl", hash = "sha256:d24e4ed1b686eb2fe2a1b6e77935af6ad62a2c044131e70801ec1d3ef3d33280", size = 736436 },
]

[[package]]
name = "cvxpy"
version = "1.5.3"
source = { registry = "https://pypi.org/simple" }
dependencies = [
    { name = "clarabel" },
    { name = "ecos" },
    { name = "numpy" },
    { name = "osqp" },
    { name = "scipy" },
    { name = "scs" },
]
wheels = [
    { url = "https://files.pythonhosted.org/packages/48/2c/f12be05867268b07e03e1212a97873b2b235ac208b86e76c598e3f603e4b/cvxpy-1.5.3-cp312-cp312-macosx_10_9_universal2.whl", hash = "sha256:ba61d01b4a095eeedf2244feea2bc4225c4f1a38ece716ec338183f0e2c7b72e", size = 1424134 },
    { url = "https://files.pythonhosted.org/packages/e6/98/7179f9efe2d6f6cdf3076986c8e800e663f592ee9e8aad0d43730247d0a0/cvxpy-1.5.3-cp312-cp312-macosx_10_9_x86_64.whl", hash = "sha256:7ee652f36cbe04aae292423f031156390251a0fbc55e53b808a24172bf95677b", size = 1100143 },
    { url = "https://files.pythonhosted.org/packages/fa/48/ed5071259fef1255fddca46a56afab4c188496df9012569068a1edd6afd1/cvxpy-1.5.3-cp312-cp312-manylinux_2_17_aarch64.manylinux2014_aarch64.whl", hash = "sha256:62ae140c573462f2007795d7042875848560d7a4fe5e090285b32f268b078f67", size = 1165950 },
    { url = "https://files.pythonhosted.org/packages/9e/0e/f9cff3d578c07cfcb501906cf7469db52c018d83acb345d0e3d96e0b5c83/cvxpy-1.5.3-cp312-cp312-manylinux_2_17_x86_64.manylinux2014_x86_64.whl", hash = "sha256:70bcd7207b02afd052fa993c262a0601ad8d39fa2f901b227b34fea7b17dca1a", size = 1191709 },
    { url = "https://files.pythonhosted.org/packages/e1/5a/b69c963c3340032ff1c3e251b60c8cf299d1542e58339983c47e327874ab/cvxpy-1.5.3-cp312-cp312-win_amd64.whl", hash = "sha256:3d8b619c2053d5f127dbd5aa9ceb5a5bdffaa3fa6c5519617364279a183b75bc", size = 1053226 },
]

[[package]]
name = "duckdb"
version = "1.1.1"
source = { registry = "https://pypi.org/simple" }
sdist = { url = "https://files.pythonhosted.org/packages/ff/58/6a09fc4dfd8e99e6d36ab6282a75919a63718ed80b54ffee8f895bc65b1a/duckdb-1.1.1.tar.gz", hash = "sha256:74fb07c1334a73e0ead1b0a03646d349921dac655762d916c8e45194c8218d30", size = 12234215 }
wheels = [
    { url = "https://files.pythonhosted.org/packages/09/50/64c67bb445afe02db2a3969704f2aa19e7c46563df571b162b49fda3cbe1/duckdb-1.1.1-cp312-cp312-macosx_12_0_arm64.whl", hash = "sha256:926a99b81c50b9a4a43ca26dcb781f934d35e773d22913548396601ab8d44c12", size = 15472011 },
    { url = "https://files.pythonhosted.org/packages/87/23/f1796350223ae0dd26a92c6d0248cf0516c0b90c5ee2b1140448084e4958/duckdb-1.1.1-cp312-cp312-macosx_12_0_universal2.whl", hash = "sha256:55a2632d27b5a965f1d9fc74b03383e80a3f8e3dc9596807dfb02c8db08cfcb7", size = 32335916 },
    { url = "https://files.pythonhosted.org/packages/58/87/eccfba6ee3f8f2cedc7cb39f0791e8be5e5c2e4157966d69aaf6c96ee4de/duckdb-1.1.1-cp312-cp312-macosx_12_0_x86_64.whl", hash = "sha256:8d8174fe47caf48d830dc477a45cedc8c970722df09dc1456bddc760ff6ccf68", size = 16943648 },
    { url = "https://files.pythonhosted.org/packages/7f/28/5658ca0abfa8ab047dbdd376c0612a4736b4bdb308b4f2552ea4be4ab8b1/duckdb-1.1.1-cp312-cp312-manylinux_2_17_aarch64.manylinux2014_aarch64.whl", hash = "sha256:9ad84023399002222fa8d5264a8dc2083053027910df728da92cabb07494a489", size = 18479706 },
    { url = "https://files.pythonhosted.org/packages/47/1f/e964b4ec19e6e14256dbe5e39cc5cb495bccb937b9cd0d7631219129296b/duckdb-1.1.1-cp312-cp312-manylinux_2_17_x86_64.manylinux2014_x86_64.whl", hash = "sha256:1c8adbc8b37444424c72043288f1521c860555a4f151ee4b744e6125f5d05729", size = 20139266 },
    { url = "https://files.pythonhosted.org/packages/cf/63/66c4f5f7cc6acf57c12aa1a7c9eebeb86629d780e6ebb7a960793e718650/duckdb-1.1.1-cp312-cp312-manylinux_2_24_aarch64.manylinux_2_28_aarch64.whl", hash = "sha256:550524c1b423eeb7ca0fdf1c2e6d29e723d7ec7cfab3050b9feb55a620ae927f", size = 18281949 },
    { url = "https://files.pythonhosted.org/packages/92/4f/ff756a8270c3f66f46996f4a2d1436e915c55614af0d4d9fc288475d9fb1/duckdb-1.1.1-cp312-cp312-musllinux_1_2_x86_64.whl", hash = "sha256:4064243e4d3f445975b78773677de0ccbe924f9c7058a7c2cfedb24bba2ba939", size = 21606968 },
    { url = "https://files.pythonhosted.org/packages/e2/d6/a08ade8b954c059300b3e649dabd8d343bbbb4f43119139ee64a9d1ec62e/duckdb-1.1.1-cp312-cp312-win_amd64.whl", hash = "sha256:4f64516dc62dd0fcbb9785c5bc7532a4fca3e6016bbcc92a2b235aa972c631f6", size = 10948355 },
    { url = "https://files.pythonhosted.org/packages/1a/f4/061ed46243236b1f2cf022aea39a39faff5e4d41b84113368400388ec834/duckdb-1.1.1-cp313-cp313-macosx_12_0_arm64.whl", hash = "sha256:4bf75a64c927470b6618496adcfbf0f316ef09d46a44cfe8e38b78e9ff40c8a0", size = 15472562 },
    { url = "https://files.pythonhosted.org/packages/51/34/7acbb7b720cfa8c46add50a1ece799bbd922395fe8d1554556748400c476/duckdb-1.1.1-cp313-cp313-macosx_12_0_universal2.whl", hash = "sha256:5c8cd6fd7107299b9a243836cd8163e4c08d6228f18cbee4ed9f535f53300096", size = 32336466 },
    { url = "https://files.pythonhosted.org/packages/88/97/cbe560a424b58ba9716f56bfb9b75b72ee513c338116f1a5b5bb8537f520/duckdb-1.1.1-cp313-cp313-macosx_12_0_x86_64.whl", hash = "sha256:fc81c02b4d73533a438a9bbae19499531d85b752233c905facc4df41bbde043c", size = 16944159 },
    { url = "https://files.pythonhosted.org/packages/ee/79/9c8630964070d580938527e7988e81775bfe29464e55fb24ad17f3f3c3d5/duckdb-1.1.1-cp313-cp313-manylinux_2_17_aarch64.manylinux2014_aarch64.whl", hash = "sha256:baff4014caf6553b624a296e4db2926602670bd9be6e0fc75f3e970b085631b0", size = 18481135 },
    { url = "https://files.pythonhosted.org/packages/17/b9/d3c209f7987faf454ce890c639d23c1193e39f4950ccffb121b9ec77ee44/duckdb-1.1.1-cp313-cp313-manylinux_2_17_x86_64.manylinux2014_x86_64.whl", hash = "sha256:e21b75a9a60f10b5b5033138c317d929018c92f355fadae5949b310a9179e0a7", size = 20139284 },
    { url = "https://files.pythonhosted.org/packages/a8/3a/4985457f69a8b53e0f4ef7975cb34751090e190b3b06f98151d8f1bfe783/duckdb-1.1.1-cp313-cp313-manylinux_2_24_aarch64.manylinux_2_28_aarch64.whl", hash = "sha256:8220f039c5ea06dc126232464ab9b77197f80ae53d4611b0a41f73c54f6f3931", size = 18281329 },
    { url = "https://files.pythonhosted.org/packages/7e/de/c1158577483e3a09ed03bd4e4bc7398eb192a2832fd1de25d3f3c900317b/duckdb-1.1.1-cp313-cp313-musllinux_1_2_x86_64.whl", hash = "sha256:07384414ceae585d4106a7dc154331ae42f45390ed675ec81e3d01f2252a6b01", size = 21606741 },
    { url = "https://files.pythonhosted.org/packages/6b/3d/f6dbb041d5851d47aede54c0741b4a2212d400fd7193c9ffdb79c9262027/duckdb-1.1.1-cp313-cp313-win_amd64.whl", hash = "sha256:82776b3999e71a962db0bdc3f0258407ef41453f63eb47c33da29b644f8eb530", size = 10948555 },
]

[[package]]
name = "ecos"
version = "2.0.14"
source = { registry = "https://pypi.org/simple" }
dependencies = [
    { name = "numpy" },
    { name = "scipy" },
]
sdist = { url = "https://files.pythonhosted.org/packages/2e/5f/17716c533da95ed110815b159efa22b1064c8c41fd5c862f21aff7a7fec0/ecos-2.0.14.tar.gz", hash = "sha256:64b3201c0e0a7f0129050557c4ac50b00031e80a10534506dba1200c8dc1efe4", size = 142430 }
wheels = [
    { url = "https://files.pythonhosted.org/packages/af/c3/84e392f2410f51fa557198937cc52a2e80f887c517ef4e3fb6d46e3bb008/ecos-2.0.14-cp312-cp312-macosx_10_9_x86_64.whl", hash = "sha256:4a7e2704a3ef9acfb8146d594deff9942d3a0f0d0399de8fe2e0bd95e8b0855c", size = 92545 },
    { url = "https://files.pythonhosted.org/packages/82/12/42f4d953f9284571726b085f99e13bfa84522bf63bf2e7a81460013b09e6/ecos-2.0.14-cp312-cp312-manylinux_2_17_x86_64.manylinux2014_x86_64.whl", hash = "sha256:f3cbb1a66ecf10955a1a4bcd6b99db55148000cb79fd176bfac26d98b21a4814", size = 222132 },
    { url = "https://files.pythonhosted.org/packages/56/9a/ca30572f3e3ff3cef6a0ea8aa6cdc12c36f9fefe559f65c7d6265713196a/ecos-2.0.14-cp312-cp312-win_amd64.whl", hash = "sha256:718eb62afb8e45426bcc365ebaf3ca9f610afcbb754de6073ef5f104da8fca1f", size = 72248 },
]

[[package]]
name = "numpy"
version = "2.1.2"
source = { registry = "https://pypi.org/simple" }
sdist = { url = "https://files.pythonhosted.org/packages/4b/d1/8a730ea07f4a37d94f9172f4ce1d81064b7a64766b460378be278952de75/numpy-2.1.2.tar.gz", hash = "sha256:13532a088217fa624c99b843eeb54640de23b3414b14aa66d023805eb731066c", size = 18878063 }
wheels = [
    { url = "https://files.pythonhosted.org/packages/a0/7d/554a6838f37f3ada5a55f25173c619d556ae98092a6e01afb6e710501d70/numpy-2.1.2-cp312-cp312-macosx_10_13_x86_64.whl", hash = "sha256:d7bf0a4f9f15b32b5ba53147369e94296f5fffb783db5aacc1be15b4bf72f43b", size = 20848077 },
    { url = "https://files.pythonhosted.org/packages/b0/29/cb48a402ea879e645b16218718f3f7d9588a77d674a9dcf22e4c43487636/numpy-2.1.2-cp312-cp312-macosx_11_0_arm64.whl", hash = "sha256:b1d0fcae4f0949f215d4632be684a539859b295e2d0cb14f78ec231915d644db", size = 13493242 },
    { url = "https://files.pythonhosted.org/packages/56/44/f899b0581766c230da42f751b7b8896d096640b19b312164c267e48d36cb/numpy-2.1.2-cp312-cp312-macosx_14_0_arm64.whl", hash = "sha256:f751ed0a2f250541e19dfca9f1eafa31a392c71c832b6bb9e113b10d050cb0f1", size = 5089219 },
    { url = "https://files.pythonhosted.org/packages/79/8f/b987070d45161a7a4504afc67ed38544ed2c0ed5576263599a0402204a9c/numpy-2.1.2-cp312-cp312-macosx_14_0_x86_64.whl", hash = "sha256:bd33f82e95ba7ad632bc57837ee99dba3d7e006536200c4e9124089e1bf42426", size = 6620167 },
    { url = "https://files.pythonhosted.org/packages/c4/a7/af3329fda3c3ec31d9b650e42bbcd3422fc62a765cbb1405fde4177a0996/numpy-2.1.2-cp312-cp312-manylinux_2_17_aarch64.manylinux2014_aarch64.whl", hash = "sha256:1b8cde4f11f0a975d1fd59373b32e2f5a562ade7cde4f85b7137f3de8fbb29a0", size = 13604905 },
    { url = "https://files.pythonhosted.org/packages/9b/b4/e3c7e6fab0f77fff6194afa173d1f2342073d91b1d3b4b30b17c3fb4407a/numpy-2.1.2-cp312-cp312-manylinux_2_17_x86_64.manylinux2014_x86_64.whl", hash = "sha256:6d95f286b8244b3649b477ac066c6906fbb2905f8ac19b170e2175d3d799f4df", size = 16041825 },
    { url = "https://files.pythonhosted.org/packages/e9/50/6828e66a78aa03147c111f84d55f33ce2dde547cb578d6744a3b06a0124b/numpy-2.1.2-cp312-cp312-musllinux_1_1_x86_64.whl", hash = "sha256:ab4754d432e3ac42d33a269c8567413bdb541689b02d93788af4131018cbf366", size = 16409541 },
    { url = "https://files.pythonhosted.org/packages/bf/72/66af7916d9c3c6dbfbc8acdd4930c65461e1953374a2bc43d00f948f004a/numpy-2.1.2-cp312-cp312-musllinux_1_2_aarch64.whl", hash = "sha256:e585c8ae871fd38ac50598f4763d73ec5497b0de9a0ab4ef5b69f01c6a046142", size = 14081134 },
    { url = "https://files.pythonhosted.org/packages/dc/5a/59a67d84f33fe00ae74f0b5b69dd4f93a586a4aba7f7e19b54b2133db038/numpy-2.1.2-cp312-cp312-win32.whl", hash = "sha256:9c6c754df29ce6a89ed23afb25550d1c2d5fdb9901d9c67a16e0b16eaf7e2550", size = 6237784 },
    { url = "https://files.pythonhosted.org/packages/4c/79/73735a6a5dad6059c085f240a4e74c9270feccd2bc66e4d31b5ca01d329c/numpy-2.1.2-cp312-cp312-win_amd64.whl", hash = "sha256:456e3b11cb79ac9946c822a56346ec80275eaf2950314b249b512896c0d2505e", size = 12568254 },
    { url = "https://files.pythonhosted.org/packages/16/72/716fa1dbe92395a9a623d5049203ff8ddb0cfce65b9df9117c3696ccc011/numpy-2.1.2-cp313-cp313-macosx_10_13_x86_64.whl", hash = "sha256:a84498e0d0a1174f2b3ed769b67b656aa5460c92c9554039e11f20a05650f00d", size = 20834690 },
    { url = "https://files.pythonhosted.org/packages/1e/fb/3e85a39511586053b5c6a59a643879e376fae22230ebfef9cfabb0e032e2/numpy-2.1.2-cp313-cp313-macosx_11_0_arm64.whl", hash = "sha256:4d6ec0d4222e8ffdab1744da2560f07856421b367928026fb540e1945f2eeeaf", size = 13507474 },
    { url = "https://files.pythonhosted.org/packages/35/eb/5677556d9ba13436dab51e129f98d4829d95cd1b6bd0e199c14485a4bdb9/numpy-2.1.2-cp313-cp313-macosx_14_0_arm64.whl", hash = "sha256:259ec80d54999cc34cd1eb8ded513cb053c3bf4829152a2e00de2371bd406f5e", size = 5074742 },
    { url = "https://files.pythonhosted.org/packages/3e/c5/6c5ef5ba41b65a7e51bed50dbf3e1483eb578055633dd013e811a28e96a1/numpy-2.1.2-cp313-cp313-macosx_14_0_x86_64.whl", hash = "sha256:675c741d4739af2dc20cd6c6a5c4b7355c728167845e3c6b0e824e4e5d36a6c3", size = 6606787 },
    { url = "https://files.pythonhosted.org/packages/08/ac/f2f29dd4fd325b379c7dc932a0ebab22f0e031dbe80b2f6019b291a3a544/numpy-2.1.2-cp313-cp313-manylinux_2_17_aarch64.manylinux2014_aarch64.whl", hash = "sha256:05b2d4e667895cc55e3ff2b56077e4c8a5604361fc21a042845ea3ad67465aa8", size = 13601333 },
    { url = "https://files.pythonhosted.org/packages/44/26/63f5f4e5089654dfb858f4892215ed968cd1a68e6f4a83f9961f84f855cb/numpy-2.1.2-cp313-cp313-manylinux_2_17_x86_64.manylinux2014_x86_64.whl", hash = "sha256:43cca367bf94a14aca50b89e9bc2061683116cfe864e56740e083392f533ce7a", size = 16038090 },
    { url = "https://files.pythonhosted.org/packages/1d/21/015e0594de9c3a8d5edd24943d2bd23f102ec71aec026083f822f86497e2/numpy-2.1.2-cp313-cp313-musllinux_1_1_x86_64.whl", hash = "sha256:76322dcdb16fccf2ac56f99048af32259dcc488d9b7e25b51e5eca5147a3fb98", size = 16410865 },
    { url = "https://files.pythonhosted.org/packages/df/01/c1bcf9e6025d79077fbf3f3ee503b50aa7bfabfcd8f4b54f5829f4c00f3f/numpy-2.1.2-cp313-cp313-musllinux_1_2_aarch64.whl", hash = "sha256:32e16a03138cabe0cb28e1007ee82264296ac0983714094380b408097a418cfe", size = 14078077 },
    { url = "https://files.pythonhosted.org/packages/ba/06/db9d127d63bd11591770ba9f3d960f8041e0f895184b9351d4b1b5b56983/numpy-2.1.2-cp313-cp313-win32.whl", hash = "sha256:242b39d00e4944431a3cd2db2f5377e15b5785920421993770cddb89992c3f3a", size = 6234904 },
    { url = "https://files.pythonhosted.org/packages/a9/96/9f61f8f95b6e0ea0aa08633b704c75d1882bdcb331bdf8bfd63263b25b00/numpy-2.1.2-cp313-cp313-win_amd64.whl", hash = "sha256:f2ded8d9b6f68cc26f8425eda5d3877b47343e68ca23d0d0846f4d312ecaa445", size = 12561910 },
    { url = "https://files.pythonhosted.org/packages/36/b8/033f627821784a48e8f75c218033471eebbaacdd933f8979c79637a1b44b/numpy-2.1.2-cp313-cp313t-macosx_10_13_x86_64.whl", hash = "sha256:2ffef621c14ebb0188a8633348504a35c13680d6da93ab5cb86f4e54b7e922b5", size = 20857719 },
    { url = "https://files.pythonhosted.org/packages/96/46/af5726fde5b74ed83f2f17a73386d399319b7ed4d51279fb23b721d0816d/numpy-2.1.2-cp313-cp313t-macosx_11_0_arm64.whl", hash = "sha256:ad369ed238b1959dfbade9018a740fb9392c5ac4f9b5173f420bd4f37ba1f7a0", size = 13518826 },
    { url = "https://files.pythonhosted.org/packages/db/6e/8ce677edf36da1c4dae80afe5529f47690697eb55b4864673af260ccea7b/numpy-2.1.2-cp313-cp313t-macosx_14_0_arm64.whl", hash = "sha256:d82075752f40c0ddf57e6e02673a17f6cb0f8eb3f587f63ca1eaab5594da5b17", size = 5115036 },
    { url = "https://files.pythonhosted.org/packages/6a/ba/3cce44fb1b8438042c11847048812a776f75ee0e7070179c22e4cfbf420c/numpy-2.1.2-cp313-cp313t-macosx_14_0_x86_64.whl", hash = "sha256:1600068c262af1ca9580a527d43dc9d959b0b1d8e56f8a05d830eea39b7c8af6", size = 6628641 },
    { url = "https://files.pythonhosted.org/packages/59/c8/e722998720ccbd35ffbcf1d1b8ed0aa2304af88d3f1c38e06ebf983599b3/numpy-2.1.2-cp313-cp313t-manylinux_2_17_aarch64.manylinux2014_aarch64.whl", hash = "sha256:a26ae94658d3ba3781d5e103ac07a876b3e9b29db53f68ed7df432fd033358a8", size = 13574803 },
    { url = "https://files.pythonhosted.org/packages/7c/8e/fc1fdd83a55476765329ac2913321c4aed5b082a7915095628c4ca30ea72/numpy-2.1.2-cp313-cp313t-manylinux_2_17_x86_64.manylinux2014_x86_64.whl", hash = "sha256:13311c2db4c5f7609b462bc0f43d3c465424d25c626d95040f073e30f7570e35", size = 16021174 },
    { url = "https://files.pythonhosted.org/packages/2a/b6/a790742aa88067adb4bd6c89a946778c1417d4deaeafce3ca928f26d4c52/numpy-2.1.2-cp313-cp313t-musllinux_1_1_x86_64.whl", hash = "sha256:2abbf905a0b568706391ec6fa15161fad0fb5d8b68d73c461b3c1bab6064dd62", size = 16400117 },
    { url = "https://files.pythonhosted.org/packages/48/6f/129e3c17e3befe7fefdeaa6890f4c4df3f3cf0831aa053802c3862da67aa/numpy-2.1.2-cp313-cp313t-musllinux_1_2_aarch64.whl", hash = "sha256:ef444c57d664d35cac4e18c298c47d7b504c66b17c2ea91312e979fcfbdfb08a", size = 14066202 },
]

[[package]]
name = "osqp"
version = "0.6.7.post1"
source = { registry = "https://pypi.org/simple" }
dependencies = [
    { name = "numpy" },
    { name = "qdldl" },
    { name = "scipy" },
]
sdist = { url = "https://files.pythonhosted.org/packages/78/37/4c44672a0d8cb81090f5fd82a1c727d855b31dbf576a8ae9394b3c6064f1/osqp-0.6.7.post1.tar.gz", hash = "sha256:554aa10dca8481978b4d334e28201f24ed18f294c5a84350ce2022a8b78f4d72", size = 229299 }
wheels = [
    { url = "https://files.pythonhosted.org/packages/86/63/d58bb94c4582dbc1a3ba0aede0381a2cc806e896f7d43d07cce3822a3f3c/osqp-0.6.7.post1-cp312-cp312-macosx_10_9_x86_64.whl", hash = "sha256:ed3c98cb31296368a72145875ceab3fb3e3497fdb820a185bf6b9ee39a3d5762", size = 252111 },
    { url = "https://files.pythonhosted.org/packages/a9/97/1ed8dba652e6b1513461818b4915384f47b00c133cfefc95ebda92e83cdd/osqp-0.6.7.post1-cp312-cp312-macosx_11_0_arm64.whl", hash = "sha256:98fdee4065b9f65c37f63532ba8e11e7efddce3eb9a8b62961bf1a9b62105e0a", size = 237566 },
    { url = "https://files.pythonhosted.org/packages/eb/15/296da4e9eb41814d2e96825ce81f8d51aabe18b05e6cf51747de37494230/osqp-0.6.7.post1-cp312-cp312-manylinux_2_17_aarch64.manylinux2014_aarch64.whl", hash = "sha256:20bf96fbf7d51abb95ab75e20508e37b1217cb467fc9cc9f73a584fbf1d5fc88", size = 295500 },
    { url = "https://files.pythonhosted.org/packages/4c/73/d75f40d9f107d06ffdf4a55558adbd3747e55d76fc642da54b6274006af4/osqp-0.6.7.post1-cp312-cp312-manylinux_2_5_x86_64.manylinux1_x86_64.manylinux_2_17_x86_64.manylinux2014_x86_64.whl", hash = "sha256:a5a41a9765be0ef1817ebfdcff10018f792e5452a5af3f2864ea44d7cb22e663", size = 300086 },
    { url = "https://files.pythonhosted.org/packages/41/09/fcba26d98391533e44605acf68cccac19b520044d0b3d39a7f49a7d11d66/osqp-0.6.7.post1-cp312-cp312-win_amd64.whl", hash = "sha256:fd56c7e82a6af11d96a549bb07d224359bcd148d4aae9180b8944d20eecd461b", size = 293480 },
]

[[package]]
name = "pandas"
version = "2.2.3"
source = { registry = "https://pypi.org/simple" }
dependencies = [
    { name = "numpy" },
    { name = "python-dateutil" },
    { name = "pytz" },
    { name = "tzdata" },
]
sdist = { url = "https://files.pythonhosted.org/packages/9c/d6/9f8431bacc2e19dca897724cd097b1bb224a6ad5433784a44b587c7c13af/pandas-2.2.3.tar.gz", hash = "sha256:4f18ba62b61d7e192368b84517265a99b4d7ee8912f8708660fb4a366cc82667", size = 4399213 }
wheels = [
    { url = "https://files.pythonhosted.org/packages/17/a3/fb2734118db0af37ea7433f57f722c0a56687e14b14690edff0cdb4b7e58/pandas-2.2.3-cp312-cp312-macosx_10_9_x86_64.whl", hash = "sha256:b1d432e8d08679a40e2a6d8b2f9770a5c21793a6f9f47fdd52c5ce1948a5a8a9", size = 12529893 },
    { url = "https://files.pythonhosted.org/packages/e1/0c/ad295fd74bfac85358fd579e271cded3ac969de81f62dd0142c426b9da91/pandas-2.2.3-cp312-cp312-macosx_11_0_arm64.whl", hash = "sha256:a5a1595fe639f5988ba6a8e5bc9649af3baf26df3998a0abe56c02609392e0a4", size = 11363475 },
    { url = "https://files.pythonhosted.org/packages/c6/2a/4bba3f03f7d07207481fed47f5b35f556c7441acddc368ec43d6643c5777/pandas-2.2.3-cp312-cp312-manylinux2014_aarch64.manylinux_2_17_aarch64.whl", hash = "sha256:5de54125a92bb4d1c051c0659e6fcb75256bf799a732a87184e5ea503965bce3", size = 15188645 },
    { url = "https://files.pythonhosted.org/packages/38/f8/d8fddee9ed0d0c0f4a2132c1dfcf0e3e53265055da8df952a53e7eaf178c/pandas-2.2.3-cp312-cp312-manylinux_2_17_x86_64.manylinux2014_x86_64.whl", hash = "sha256:fffb8ae78d8af97f849404f21411c95062db1496aeb3e56f146f0355c9989319", size = 12739445 },
    { url = "https://files.pythonhosted.org/packages/20/e8/45a05d9c39d2cea61ab175dbe6a2de1d05b679e8de2011da4ee190d7e748/pandas-2.2.3-cp312-cp312-musllinux_1_2_aarch64.whl", hash = "sha256:6dfcb5ee8d4d50c06a51c2fffa6cff6272098ad6540aed1a76d15fb9318194d8", size = 16359235 },
    { url = "https://files.pythonhosted.org/packages/1d/99/617d07a6a5e429ff90c90da64d428516605a1ec7d7bea494235e1c3882de/pandas-2.2.3-cp312-cp312-musllinux_1_2_x86_64.whl", hash = "sha256:062309c1b9ea12a50e8ce661145c6aab431b1e99530d3cd60640e255778bd43a", size = 14056756 },
    { url = "https://files.pythonhosted.org/packages/29/d4/1244ab8edf173a10fd601f7e13b9566c1b525c4f365d6bee918e68381889/pandas-2.2.3-cp312-cp312-win_amd64.whl", hash = "sha256:59ef3764d0fe818125a5097d2ae867ca3fa64df032331b7e0917cf5d7bf66b13", size = 11504248 },
    { url = "https://files.pythonhosted.org/packages/64/22/3b8f4e0ed70644e85cfdcd57454686b9057c6c38d2f74fe4b8bc2527214a/pandas-2.2.3-cp313-cp313-macosx_10_13_x86_64.whl", hash = "sha256:f00d1345d84d8c86a63e476bb4955e46458b304b9575dcf71102b5c705320015", size = 12477643 },
    { url = "https://files.pythonhosted.org/packages/e4/93/b3f5d1838500e22c8d793625da672f3eec046b1a99257666c94446969282/pandas-2.2.3-cp313-cp313-macosx_11_0_arm64.whl", hash = "sha256:3508d914817e153ad359d7e069d752cdd736a247c322d932eb89e6bc84217f28", size = 11281573 },
    { url = "https://files.pythonhosted.org/packages/f5/94/6c79b07f0e5aab1dcfa35a75f4817f5c4f677931d4234afcd75f0e6a66ca/pandas-2.2.3-cp313-cp313-manylinux2014_aarch64.manylinux_2_17_aarch64.whl", hash = "sha256:22a9d949bfc9a502d320aa04e5d02feab689d61da4e7764b62c30b991c42c5f0", size = 15196085 },
    { url = "https://files.pythonhosted.org/packages/e8/31/aa8da88ca0eadbabd0a639788a6da13bb2ff6edbbb9f29aa786450a30a91/pandas-2.2.3-cp313-cp313-manylinux_2_17_x86_64.manylinux2014_x86_64.whl", hash = "sha256:f3a255b2c19987fbbe62a9dfd6cff7ff2aa9ccab3fc75218fd4b7530f01efa24", size = 12711809 },
    { url = "https://files.pythonhosted.org/packages/ee/7c/c6dbdb0cb2a4344cacfb8de1c5808ca885b2e4dcfde8008266608f9372af/pandas-2.2.3-cp313-cp313-musllinux_1_2_aarch64.whl", hash = "sha256:800250ecdadb6d9c78eae4990da62743b857b470883fa27f652db8bdde7f6659", size = 16356316 },
    { url = "https://files.pythonhosted.org/packages/57/b7/8b757e7d92023b832869fa8881a992696a0bfe2e26f72c9ae9f255988d42/pandas-2.2.3-cp313-cp313-musllinux_1_2_x86_64.whl", hash = "sha256:6374c452ff3ec675a8f46fd9ab25c4ad0ba590b71cf0656f8b6daa5202bca3fb", size = 14022055 },
    { url = "https://files.pythonhosted.org/packages/3b/bc/4b18e2b8c002572c5a441a64826252ce5da2aa738855747247a971988043/pandas-2.2.3-cp313-cp313-win_amd64.whl", hash = "sha256:61c5ad4043f791b61dd4752191d9f07f0ae412515d59ba8f005832a532f8736d", size = 11481175 },
    { url = "https://files.pythonhosted.org/packages/76/a3/a5d88146815e972d40d19247b2c162e88213ef51c7c25993942c39dbf41d/pandas-2.2.3-cp313-cp313t-macosx_10_13_x86_64.whl", hash = "sha256:3b71f27954685ee685317063bf13c7709a7ba74fc996b84fc6821c59b0f06468", size = 12615650 },
    { url = "https://files.pythonhosted.org/packages/9c/8c/f0fd18f6140ddafc0c24122c8a964e48294acc579d47def376fef12bcb4a/pandas-2.2.3-cp313-cp313t-macosx_11_0_arm64.whl", hash = "sha256:38cf8125c40dae9d5acc10fa66af8ea6fdf760b2714ee482ca691fc66e6fcb18", size = 11290177 },
    { url = "https://files.pythonhosted.org/packages/ed/f9/e995754eab9c0f14c6777401f7eece0943840b7a9fc932221c19d1abee9f/pandas-2.2.3-cp313-cp313t-manylinux2014_aarch64.manylinux_2_17_aarch64.whl", hash = "sha256:ba96630bc17c875161df3818780af30e43be9b166ce51c9a18c1feae342906c2", size = 14651526 },
    { url = "https://files.pythonhosted.org/packages/25/b0/98d6ae2e1abac4f35230aa756005e8654649d305df9a28b16b9ae4353bff/pandas-2.2.3-cp313-cp313t-manylinux_2_17_x86_64.manylinux2014_x86_64.whl", hash = "sha256:1db71525a1538b30142094edb9adc10be3f3e176748cd7acc2240c2f2e5aa3a4", size = 11871013 },
    { url = "https://files.pythonhosted.org/packages/cc/57/0f72a10f9db6a4628744c8e8f0df4e6e21de01212c7c981d31e50ffc8328/pandas-2.2.3-cp313-cp313t-musllinux_1_2_aarch64.whl", hash = "sha256:15c0e1e02e93116177d29ff83e8b1619c93ddc9c49083f237d4312337a61165d", size = 15711620 },
    { url = "https://files.pythonhosted.org/packages/ab/5f/b38085618b950b79d2d9164a711c52b10aefc0ae6833b96f626b7021b2ed/pandas-2.2.3-cp313-cp313t-musllinux_1_2_x86_64.whl", hash = "sha256:ad5b65698ab28ed8d7f18790a0dc58005c7629f227be9ecc1072aa74c0c1d43a", size = 13098436 },
]

[[package]]
name = "python-dateutil"
version = "2.9.0.post0"
source = { registry = "https://pypi.org/simple" }
dependencies = [
    { name = "six" },
]
sdist = { url = "https://files.pythonhosted.org/packages/66/c0/0c8b6ad9f17a802ee498c46e004a0eb49bc148f2fd230864601a86dcf6db/python-dateutil-2.9.0.post0.tar.gz", hash = "sha256:37dd54208da7e1cd875388217d5e00ebd4179249f90fb72437e91a35459a0ad3", size = 342432 }
wheels = [
    { url = "https://files.pythonhosted.org/packages/ec/57/56b9bcc3c9c6a792fcbaf139543cee77261f3651ca9da0c93f5c1221264b/python_dateutil-2.9.0.post0-py2.py3-none-any.whl", hash = "sha256:a8b2bc7bffae282281c8140a97d3aa9c14da0b136dfe83f850eea9a5f7470427", size = 229892 },
]

[[package]]
name = "pytz"
version = "2024.2"
source = { registry = "https://pypi.org/simple" }
sdist = { url = "https://files.pythonhosted.org/packages/3a/31/3c70bf7603cc2dca0f19bdc53b4537a797747a58875b552c8c413d963a3f/pytz-2024.2.tar.gz", hash = "sha256:2aa355083c50a0f93fa581709deac0c9ad65cca8a9e9beac660adcbd493c798a", size = 319692 }
wheels = [
    { url = "https://files.pythonhosted.org/packages/11/c3/005fcca25ce078d2cc29fd559379817424e94885510568bc1bc53d7d5846/pytz-2024.2-py2.py3-none-any.whl", hash = "sha256:31c7c1817eb7fae7ca4b8c7ee50c72f93aa2dd863de768e1ef4245d426aa0725", size = 508002 },
]

[[package]]
name = "qdldl"
version = "0.1.7.post4"
source = { registry = "https://pypi.org/simple" }
dependencies = [
    { name = "numpy" },
    { name = "scipy" },
]
sdist = { url = "https://files.pythonhosted.org/packages/a8/ce/817c670dbf346281e7344d97fc37270e51eb54a67c944728928d3045a56c/qdldl-0.1.7.post4.tar.gz", hash = "sha256:0c163b9afb92c4b69d446387b1d4295094438b041ec4e8510271b6c4ff1f86fd", size = 73919 }
wheels = [
    { url = "https://files.pythonhosted.org/packages/41/37/9ae52198cfd9070f72f4421656fbcc13bdb3391acd1741b00cb7fa1a59ff/qdldl-0.1.7.post4-cp312-cp312-macosx_10_9_x86_64.whl", hash = "sha256:e2b9e92bb52d3bc49cfc9fd9a761adb692f049c46e68c0535ed07df2de8292f5", size = 102123 },
    { url = "https://files.pythonhosted.org/packages/3c/c3/e153b6181d0e275b5d370ae509ff288a9b46b35a2d8af73eb5e9bce82ce4/qdldl-0.1.7.post4-cp312-cp312-macosx_11_0_arm64.whl", hash = "sha256:f6710b0c1013292697262803ddd549a81cdfdbdbbbcfa5b56aad04ac9cebbb4a", size = 98898 },
    { url = "https://files.pythonhosted.org/packages/30/9e/1ddf8b3903d2fd8bcb9f3d9d3b9e4390285608223790279ca8ca3f82e7ad/qdldl-0.1.7.post4-cp312-cp312-manylinux_2_17_aarch64.manylinux2014_aarch64.whl", hash = "sha256:a40429f5c0d0edb28d22c4e52c2459fd9a64892ba7d8a39ba51a1a37b3581927", size = 1137897 },
    { url = "https://files.pythonhosted.org/packages/1e/f5/dc4c2a07d2e281df982533733ec6eeda507c605443ac351f5357259cdbbb/qdldl-0.1.7.post4-cp312-cp312-manylinux_2_17_x86_64.manylinux2014_x86_64.whl", hash = "sha256:b85beb51096100dcdea575acedbafb5bac2b7f44485a1d7090bb68a47c8f9928", size = 1156526 },
    { url = "https://files.pythonhosted.org/packages/71/55/f9a26749a4019eb5a149b4304d8dfcac6a27450f2e605c298c8363ead9bc/qdldl-0.1.7.post4-cp312-cp312-win_amd64.whl", hash = "sha256:684306b37a2f06f72c18edd2d6fa45a832e99071ebd87b875d172719e09a322d", size = 87782 },
]

[[package]]
name = "scipy"
version = "1.14.1"
source = { registry = "https://pypi.org/simple" }
dependencies = [
    { name = "numpy" },
]
sdist = { url = "https://files.pythonhosted.org/packages/62/11/4d44a1f274e002784e4dbdb81e0ea96d2de2d1045b2132d5af62cc31fd28/scipy-1.14.1.tar.gz", hash = "sha256:5a275584e726026a5699459aa72f828a610821006228e841b94275c4a7c08417", size = 58620554 }
wheels = [
    { url = "https://files.pythonhosted.org/packages/c0/04/2bdacc8ac6387b15db6faa40295f8bd25eccf33f1f13e68a72dc3c60a99e/scipy-1.14.1-cp312-cp312-macosx_10_13_x86_64.whl", hash = "sha256:631f07b3734d34aced009aaf6fedfd0eb3498a97e581c3b1e5f14a04164a456d", size = 39128781 },
    { url = "https://files.pythonhosted.org/packages/c8/53/35b4d41f5fd42f5781dbd0dd6c05d35ba8aa75c84ecddc7d44756cd8da2e/scipy-1.14.1-cp312-cp312-macosx_12_0_arm64.whl", hash = "sha256:af29a935803cc707ab2ed7791c44288a682f9c8107bc00f0eccc4f92c08d6e07", size = 29939542 },
    { url = "https://files.pythonhosted.org/packages/66/67/6ef192e0e4d77b20cc33a01e743b00bc9e68fb83b88e06e636d2619a8767/scipy-1.14.1-cp312-cp312-macosx_14_0_arm64.whl", hash = "sha256:2843f2d527d9eebec9a43e6b406fb7266f3af25a751aa91d62ff416f54170bc5", size = 23148375 },
    { url = "https://files.pythonhosted.org/packages/f6/32/3a6dedd51d68eb7b8e7dc7947d5d841bcb699f1bf4463639554986f4d782/scipy-1.14.1-cp312-cp312-macosx_14_0_x86_64.whl", hash = "sha256:eb58ca0abd96911932f688528977858681a59d61a7ce908ffd355957f7025cfc", size = 25578573 },
    { url = "https://files.pythonhosted.org/packages/f0/5a/efa92a58dc3a2898705f1dc9dbaf390ca7d4fba26d6ab8cfffb0c72f656f/scipy-1.14.1-cp312-cp312-manylinux_2_17_aarch64.manylinux2014_aarch64.whl", hash = "sha256:30ac8812c1d2aab7131a79ba62933a2a76f582d5dbbc695192453dae67ad6310", size = 35319299 },
    { url = "https://files.pythonhosted.org/packages/8e/ee/8a26858ca517e9c64f84b4c7734b89bda8e63bec85c3d2f432d225bb1886/scipy-1.14.1-cp312-cp312-manylinux_2_17_x86_64.manylinux2014_x86_64.whl", hash = "sha256:8f9ea80f2e65bdaa0b7627fb00cbeb2daf163caa015e59b7516395fe3bd1e066", size = 40849331 },
    { url = "https://files.pythonhosted.org/packages/a5/cd/06f72bc9187840f1c99e1a8750aad4216fc7dfdd7df46e6280add14b4822/scipy-1.14.1-cp312-cp312-musllinux_1_2_x86_64.whl", hash = "sha256:edaf02b82cd7639db00dbff629995ef185c8df4c3ffa71a5562a595765a06ce1", size = 42544049 },
    { url = "https://files.pythonhosted.org/packages/aa/7d/43ab67228ef98c6b5dd42ab386eae2d7877036970a0d7e3dd3eb47a0d530/scipy-1.14.1-cp312-cp312-win_amd64.whl", hash = "sha256:2ff38e22128e6c03ff73b6bb0f85f897d2362f8c052e3b8ad00532198fbdae3f", size = 44521212 },
    { url = "https://files.pythonhosted.org/packages/50/ef/ac98346db016ff18a6ad7626a35808f37074d25796fd0234c2bb0ed1e054/scipy-1.14.1-cp313-cp313-macosx_10_13_x86_64.whl", hash = "sha256:1729560c906963fc8389f6aac023739ff3983e727b1a4d87696b7bf108316a79", size = 39091068 },
    { url = "https://files.pythonhosted.org/packages/b9/cc/70948fe9f393b911b4251e96b55bbdeaa8cca41f37c26fd1df0232933b9e/scipy-1.14.1-cp313-cp313-macosx_12_0_arm64.whl", hash = "sha256:4079b90df244709e675cdc8b93bfd8a395d59af40b72e339c2287c91860deb8e", size = 29875417 },
    { url = "https://files.pythonhosted.org/packages/3b/2e/35f549b7d231c1c9f9639f9ef49b815d816bf54dd050da5da1c11517a218/scipy-1.14.1-cp313-cp313-macosx_14_0_arm64.whl", hash = "sha256:e0cf28db0f24a38b2a0ca33a85a54852586e43cf6fd876365c86e0657cfe7d73", size = 23084508 },
    { url = "https://files.pythonhosted.org/packages/3f/d6/b028e3f3e59fae61fb8c0f450db732c43dd1d836223a589a8be9f6377203/scipy-1.14.1-cp313-cp313-macosx_14_0_x86_64.whl", hash = "sha256:0c2f95de3b04e26f5f3ad5bb05e74ba7f68b837133a4492414b3afd79dfe540e", size = 25503364 },
    { url = "https://files.pythonhosted.org/packages/a7/2f/6c142b352ac15967744d62b165537a965e95d557085db4beab2a11f7943b/scipy-1.14.1-cp313-cp313-manylinux_2_17_aarch64.manylinux2014_aarch64.whl", hash = "sha256:b99722ea48b7ea25e8e015e8341ae74624f72e5f21fc2abd45f3a93266de4c5d", size = 35292639 },
    { url = "https://files.pythonhosted.org/packages/56/46/2449e6e51e0d7c3575f289f6acb7f828938eaab8874dbccfeb0cd2b71a27/scipy-1.14.1-cp313-cp313-manylinux_2_17_x86_64.manylinux2014_x86_64.whl", hash = "sha256:5149e3fd2d686e42144a093b206aef01932a0059c2a33ddfa67f5f035bdfe13e", size = 40798288 },
    { url = "https://files.pythonhosted.org/packages/32/cd/9d86f7ed7f4497c9fd3e39f8918dd93d9f647ba80d7e34e4946c0c2d1a7c/scipy-1.14.1-cp313-cp313-musllinux_1_2_x86_64.whl", hash = "sha256:e4f5a7c49323533f9103d4dacf4e4f07078f360743dec7f7596949149efeec06", size = 42524647 },
    { url = "https://files.pythonhosted.org/packages/f5/1b/6ee032251bf4cdb0cc50059374e86a9f076308c1512b61c4e003e241efb7/scipy-1.14.1-cp313-cp313-win_amd64.whl", hash = "sha256:baff393942b550823bfce952bb62270ee17504d02a1801d7fd0719534dfb9c84", size = 44469524 },
]

[[package]]
name = "scs"
version = "3.2.7"
source = { registry = "https://pypi.org/simple" }
dependencies = [
    { name = "numpy" },
    { name = "scipy" },
]
sdist = { url = "https://files.pythonhosted.org/packages/b7/54/2550a67de4d675ab7c733b6c61575995958d2beffdbb69c2287461eb9c3a/scs-3.2.7.tar.gz", hash = "sha256:e89d81752ef241d7e408f21d0b69cde9bb6ce196241482e17f763cba5a7d9497", size = 1600253 }
wheels = [
    { url = "https://files.pythonhosted.org/packages/2f/d3/cc2ae520c7d6c6d6ae553bf9ae6661deea30b96f8d8fbf3dfc36363f6806/scs-3.2.7-cp312-cp312-macosx_10_9_x86_64.whl", hash = "sha256:ae5f0b85c5970d5024343a8ade77a0b1d05e5b36aa2069067971ae6adcaa51e7", size = 105889 },
    { url = "https://files.pythonhosted.org/packages/8b/08/9b5d872ffab4aa938821419231ed56f3fbf262cdd8102ff80ba4ff7d2c11/scs-3.2.7-cp312-cp312-macosx_11_0_arm64.whl", hash = "sha256:ab0678e6a678929fabc1f18c34ff9a2ad888d8e2f73a1a350770ecb62fb35724", size = 93472 },
    { url = "https://files.pythonhosted.org/packages/9f/87/0da6223183ca403b6478ab7f8ba87b83b8f2d6546dba2b929cf05b97d734/scs-3.2.7-cp312-cp312-manylinux_2_17_x86_64.manylinux2014_x86_64.whl", hash = "sha256:9d91ab6d26b6aaf14905c1295c331cef2ed956a16b92228de2fa58723729f6d7", size = 10443056 },
    { url = "https://files.pythonhosted.org/packages/08/12/074f49ac609a6886f26bd42ef4e63da1d5e9108618eb2fe461d7a6908400/scs-3.2.7-cp312-cp312-win_amd64.whl", hash = "sha256:ab42697c7b8deeb2bb800b4d7ff6ab6c313d2f235f0d031f85a38f986a29006e", size = 8444209 },
]

[[package]]
name = "six"
version = "1.16.0"
source = { registry = "https://pypi.org/simple" }
sdist = { url = "https://files.pythonhosted.org/packages/71/39/171f1c67cd00715f190ba0b100d606d440a28c93c7714febeca8b79af85e/six-1.16.0.tar.gz", hash = "sha256:1e61c37477a1626458e36f7b1d82aa5c9b094fa4802892072e49de9c60c4c926", size = 34041 }
wheels = [
    { url = "https://files.pythonhosted.org/packages/d9/5a/e7c31adbe875f2abbb91bd84cf2dc52d792b5a01506781dbcf25c91daf11/six-1.16.0-py2.py3-none-any.whl", hash = "sha256:8abb2f1d86890a2dfb989f9a77cfcfd3e47c2a354b01111771326f8aa26e0254", size = 11053 },
]

[[package]]
name = "tzdata"
version = "2024.2"
source = { registry = "https://pypi.org/simple" }
sdist = { url = "https://files.pythonhosted.org/packages/e1/34/943888654477a574a86a98e9896bae89c7aa15078ec29f490fef2f1e5384/tzdata-2024.2.tar.gz", hash = "sha256:7d85cc416e9382e69095b7bdf4afd9e3880418a2413feec7069d533d6b4e31cc", size = 193282 }
wheels = [
    { url = "https://files.pythonhosted.org/packages/a6/ab/7e5f53c3b9d14972843a647d8d7a853969a58aecc7559cb3267302c94774/tzdata-2024.2-py2.py3-none-any.whl", hash = "sha256:a48093786cdcde33cad18c2555e8532f34422074448fbc874186f0abd79565cd", size = 346586 },
]
